{
		"name": "reactfullerrors",
		"version": "1.0.0",
		"lockfileVersion": 2,
		"requires": true,
		"packages": {
				"": {
						"dependencies": {
								"react-error-decoder": "^0.1.0",
								"url": "^0.11.0"
						}
				},
				"node_modules/punycode": {
						"version": "1.3.2",
						"resolved": "https://registry.npmjs.org/punycode/-/punycode-1.3.2.tgz",
						"integrity": "sha1-llOgNvt8HuQjQvIyXM7v6jkmxI0="
				},
				"node_modules/querystring": {
						"version": "0.2.0",
						"resolved": "https://registry.npmjs.org/querystring/-/querystring-0.2.0.tgz",
						"integrity": "sha1-sgmEkgO7Jd+CDadW50cAWHhSFiA=",
						"engines": {
								"node": ">=0.4.x"
						}
				},
				"node_modules/react-error-decoder": {
						"version": "0.1.0",
						"resolved": "https://registry.npmjs.org/react-error-decoder/-/react-error-decoder-0.1.0.tgz",
						"integrity": "sha512-iJrlCrNGbWNt674kyPmHz3MeAyR7JdBrI9grXgOHMY0pWs4GSe7faFuz8KkbNzX8js29h5vVDo8/6HdPC5t3wA=="
				},
				"node_modules/url": {
						"version": "0.11.0",
						"resolved": "https://registry.npmjs.org/url/-/url-0.11.0.tgz",
						"integrity": "sha1-ODjpfPxgUh63PFJajlW/3Z4uKPE=",
						"dependencies": {
								"punycode": "1.3.2",
								"querystring": "0.2.0"
						}
				}
		},
		"dependencies": {
				"punycode": {
						"version": "1.3.2",
						"resolved": "https://registry.npmjs.org/punycode/-/punycode-1.3.2.tgz",
						"integrity": "sha1-llOgNvt8HuQjQvIyXM7v6jkmxI0="
				},
				"querystring": {
						"version": "0.2.0",
						"resolved": "https://registry.npmjs.org/querystring/-/querystring-0.2.0.tgz",
						"integrity": "sha1-sgmEkgO7Jd+CDadW50cAWHhSFiA="
				},
				"react-error-decoder": {
						"version": "0.1.0",
						"resolved": "https://registry.npmjs.org/react-error-decoder/-/react-error-decoder-0.1.0.tgz",
						"integrity": "sha512-iJrlCrNGbWNt674kyPmHz3MeAyR7JdBrI9grXgOHMY0pWs4GSe7faFuz8KkbNzX8js29h5vVDo8/6HdPC5t3wA=="
				},
				"url": {
						"version": "0.11.0",
						"resolved": "https://registry.npmjs.org/url/-/url-0.11.0.tgz",
						"integrity": "sha1-ODjpfPxgUh63PFJajlW/3Z4uKPE=",
						"requires": {
								"punycode": "1.3.2",
								"querystring": "0.2.0"
						}
				}
		}
}
